{
  "name": "TWF_lib",
  "version": "1.0.0",
  "lockfileVersion": 1,
  "requires": true,
  "dependencies": {
    "penner": {
      "version": "0.1.3",
      "resolved": "https://registry.npmjs.org/penner/-/penner-0.1.3.tgz",
      "integrity": "sha1-C4tILU6bOa8vPXw3WSIpuKzClwU="
    },
    "pixi-scrollbox": {
      "version": "2.2.0",
      "resolved": "https://registry.npmjs.org/pixi-scrollbox/-/pixi-scrollbox-2.2.0.tgz",
      "integrity": "sha512-lisM62Qo7oWnIm3sorTa6wQ3K5etPe+1hiz+wt9YSyiXGFIOtv8QSYPzrMPCV2mfw/W8s+le6urN5rE8O5P16w==",
      "requires": {
        "penner": "^0.1.3"
      }
    },
    "svg-scroll": {
      "version": "0.1.1",
      "resolved": "https://registry.npmjs.org/svg-scroll/-/svg-scroll-0.1.1.tgz",
      "integrity": "sha1-VNzkV2tUmEDqZVhEgByzbYUV85A="
    }
  }
}
